{
  "version": 4,
  "terraform_version": "1.11.4",
  "serial": 13,
  "lineage": "6f0bb491-4d1b-498e-67b4-7d3ef9052877",
  "outputs": {
    "private_instance_id": {
      "value": "i-082c0b5a60b1da785",
      "type": "string"
    },
    "public_instance_id": {
      "value": "i-06a9c4f46194bdbd4",
      "type": "string"
    },
    "vpc_id": {
      "value": "vpc-0896f6dc4527c0308",
      "type": "string"
    }
  },
  "resources": [
    {
      "module": "module.ec2",
      "mode": "managed",
      "type": "aws_instance",
      "name": "private_vm",
      "provider": "provider[\"registry.terraform.io/hashicorp/aws\"]",
      "instances": [
        {
          "schema_version": 1,
          "attributes": {
            "ami": "ami-0c02fb55956c7d316",
            "arn": "arn:aws:ec2:us-east-1:985539769877:instance/i-082c0b5a60b1da785",
            "associate_public_ip_address": false,
            "availability_zone": "us-east-1a",
            "capacity_reservation_specification": [
              {
                "capacity_reservation_preference": "open",
                "capacity_reservation_target": []
              }
            ],
            "cpu_core_count": 1,
            "cpu_options": [
              {
                "amd_sev_snp": "",
                "core_count": 1,
                "threads_per_core": 1
              }
            ],
            "cpu_threads_per_core": 1,
            "credit_specification": [
              {
                "cpu_credits": "standard"
              }
            ],
            "disable_api_stop": false,
            "disable_api_termination": false,
            "ebs_block_device": [],
            "ebs_optimized": false,
            "enable_primary_ipv6": null,
            "enclave_options": [
              {
                "enabled": false
              }
            ],
            "ephemeral_block_device": [],
            "get_password_data": false,
            "hibernation": false,
            "host_id": "",
            "host_resource_group_arn": null,
            "iam_instance_profile": "",
            "id": "i-082c0b5a60b1da785",
            "instance_initiated_shutdown_behavior": "stop",
            "instance_lifecycle": "",
            "instance_market_options": [],
            "instance_state": "running",
            "instance_type": "t2.micro",
            "ipv6_address_count": 0,
            "ipv6_addresses": [],
            "key_name": "jenkins-generated-key",
            "launch_template": [],
            "maintenance_options": [
              {
                "auto_recovery": "default"
              }
            ],
            "metadata_options": [
              {
                "http_endpoint": "enabled",
                "http_protocol_ipv6": "disabled",
                "http_put_response_hop_limit": 1,
                "http_tokens": "optional",
                "instance_metadata_tags": "disabled"
              }
            ],
            "monitoring": false,
            "network_interface": [],
            "outpost_arn": "",
            "password_data": "",
            "placement_group": "",
            "placement_partition_number": 0,
            "primary_network_interface_id": "eni-0ba8d3be237069376",
            "private_dns": "ip-10-0-2-181.ec2.internal",
            "private_dns_name_options": [
              {
                "enable_resource_name_dns_a_record": false,
                "enable_resource_name_dns_aaaa_record": false,
                "hostname_type": "ip-name"
              }
            ],
            "private_ip": "10.0.2.181",
            "public_dns": "",
            "public_ip": "",
            "root_block_device": [
              {
                "delete_on_termination": true,
                "device_name": "/dev/xvda",
                "encrypted": false,
                "iops": 100,
                "kms_key_id": "",
                "tags": {},
                "tags_all": {},
                "throughput": 0,
                "volume_id": "vol-0eb9d715a5e71e5e4",
                "volume_size": 8,
                "volume_type": "gp2"
              }
            ],
            "secondary_private_ips": [],
            "security_groups": [],
            "source_dest_check": true,
            "spot_instance_request_id": "",
            "subnet_id": "subnet-04ae29c7264944696",
            "tags": {
              "Name": "Private-Instance"
            },
            "tags_all": {
              "Name": "Private-Instance"
            },
            "tenancy": "default",
            "timeouts": null,
            "user_data": null,
            "user_data_base64": null,
            "user_data_replace_on_change": false,
            "volume_tags": null,
            "vpc_security_group_ids": [
              "sg-0a434a2e7f7637888"
            ]
          },
          "sensitive_attributes": [],
          "private": "eyJlMmJmYjczMC1lY2FhLTExZTYtOGY4OC0zNDM2M2JjN2M0YzAiOnsiY3JlYXRlIjo2MDAwMDAwMDAwMDAsImRlbGV0ZSI6MTIwMDAwMDAwMDAwMCwicmVhZCI6OTAwMDAwMDAwMDAwLCJ1cGRhdGUiOjYwMDAwMDAwMDAwMH0sInNjaGVtYV92ZXJzaW9uIjoiMSJ9",
          "dependencies": [
            "module.ec2.aws_security_group.web_sg",
            "module.networking.aws_subnet.private",
            "module.networking.aws_vpc.main",
            "module.ssh_key.aws_key_pair.generated",
            "module.ssh_key.tls_private_key.example"
          ]
        }
      ]
    },
    {
      "module": "module.ec2",
      "mode": "managed",
      "type": "aws_instance",
      "name": "public_vm",
      "provider": "provider[\"registry.terraform.io/hashicorp/aws\"]",
      "instances": [
        {
          "schema_version": 1,
          "attributes": {
            "ami": "ami-0c02fb55956c7d316",
            "arn": "arn:aws:ec2:us-east-1:985539769877:instance/i-06a9c4f46194bdbd4",
            "associate_public_ip_address": true,
            "availability_zone": "us-east-1a",
            "capacity_reservation_specification": [
              {
                "capacity_reservation_preference": "open",
                "capacity_reservation_target": []
              }
            ],
            "cpu_core_count": 1,
            "cpu_options": [
              {
                "amd_sev_snp": "",
                "core_count": 1,
                "threads_per_core": 1
              }
            ],
            "cpu_threads_per_core": 1,
            "credit_specification": [
              {
                "cpu_credits": "standard"
              }
            ],
            "disable_api_stop": false,
            "disable_api_termination": false,
            "ebs_block_device": [],
            "ebs_optimized": false,
            "enable_primary_ipv6": null,
            "enclave_options": [
              {
                "enabled": false
              }
            ],
            "ephemeral_block_device": [],
            "get_password_data": false,
            "hibernation": false,
            "host_id": "",
            "host_resource_group_arn": null,
            "iam_instance_profile": "",
            "id": "i-06a9c4f46194bdbd4",
            "instance_initiated_shutdown_behavior": "stop",
            "instance_lifecycle": "",
            "instance_market_options": [],
            "instance_state": "running",
            "instance_type": "t2.micro",
            "ipv6_address_count": 0,
            "ipv6_addresses": [],
            "key_name": "jenkins-generated-key",
            "launch_template": [],
            "maintenance_options": [
              {
                "auto_recovery": "default"
              }
            ],
            "metadata_options": [
              {
                "http_endpoint": "enabled",
                "http_protocol_ipv6": "disabled",
                "http_put_response_hop_limit": 1,
                "http_tokens": "optional",
                "instance_metadata_tags": "disabled"
              }
            ],
            "monitoring": false,
            "network_interface": [],
            "outpost_arn": "",
            "password_data": "",
            "placement_group": "",
            "placement_partition_number": 0,
            "primary_network_interface_id": "eni-0d78f7cdbfd3c6ae9",
            "private_dns": "ip-10-0-1-166.ec2.internal",
            "private_dns_name_options": [
              {
                "enable_resource_name_dns_a_record": false,
                "enable_resource_name_dns_aaaa_record": false,
                "hostname_type": "ip-name"
              }
            ],
            "private_ip": "10.0.1.166",
            "public_dns": "ec2-3-85-35-90.compute-1.amazonaws.com",
            "public_ip": "3.85.35.90",
            "root_block_device": [
              {
                "delete_on_termination": true,
                "device_name": "/dev/xvda",
                "encrypted": false,
                "iops": 100,
                "kms_key_id": "",
                "tags": {},
                "tags_all": {},
                "throughput": 0,
                "volume_id": "vol-0e0c2e8970091b081",
                "volume_size": 8,
                "volume_type": "gp2"
              }
            ],
            "secondary_private_ips": [],
            "security_groups": [],
            "source_dest_check": true,
            "spot_instance_request_id": "",
            "subnet_id": "subnet-08d7a6003da8e8ba7",
            "tags": {
              "Name": "Public-NGINX-Instance"
            },
            "tags_all": {
              "Name": "Public-NGINX-Instance"
            },
            "tenancy": "default",
            "timeouts": null,
            "user_data": "b7ae7d432513168fe0310c5e3e57307300749c5a",
            "user_data_base64": null,
            "user_data_replace_on_change": false,
            "volume_tags": null,
            "vpc_security_group_ids": [
              "sg-0a434a2e7f7637888"
            ]
          },
          "sensitive_attributes": [],
          "private": "eyJlMmJmYjczMC1lY2FhLTExZTYtOGY4OC0zNDM2M2JjN2M0YzAiOnsiY3JlYXRlIjo2MDAwMDAwMDAwMDAsImRlbGV0ZSI6MTIwMDAwMDAwMDAwMCwicmVhZCI6OTAwMDAwMDAwMDAwLCJ1cGRhdGUiOjYwMDAwMDAwMDAwMH0sInNjaGVtYV92ZXJzaW9uIjoiMSJ9",
          "dependencies": [
            "module.ec2.aws_security_group.web_sg",
            "module.networking.aws_subnet.public",
            "module.networking.aws_vpc.main",
            "module.ssh_key.aws_key_pair.generated",
            "module.ssh_key.tls_private_key.example"
          ]
        }
      ]
    },
    {
      "module": "module.ec2",
      "mode": "managed",
      "type": "aws_security_group",
      "name": "web_sg",
      "provider": "provider[\"registry.terraform.io/hashicorp/aws\"]",
      "instances": [
        {
          "schema_version": 1,
          "attributes": {
            "arn": "arn:aws:ec2:us-east-1:985539769877:security-group/sg-0a434a2e7f7637888",
            "description": "Allow HTTP and SSH",
            "egress": [
              {
                "cidr_blocks": [
                  "0.0.0.0/0"
                ],
                "description": "Allow all outbound traffic",
                "from_port": 0,
                "ipv6_cidr_blocks": [],
                "prefix_list_ids": [],
                "protocol": "-1",
                "security_groups": [],
                "self": false,
                "to_port": 0
              }
            ],
            "id": "sg-0a434a2e7f7637888",
            "ingress": [
              {
                "cidr_blocks": [
                  "0.0.0.0/0"
                ],
                "description": "Allow HTTP",
                "from_port": 80,
                "ipv6_cidr_blocks": [],
                "prefix_list_ids": [],
                "protocol": "tcp",
                "security_groups": [],
                "self": false,
                "to_port": 80
              },
              {
                "cidr_blocks": [
                  "0.0.0.0/0"
                ],
                "description": "Allow SSH",
                "from_port": 22,
                "ipv6_cidr_blocks": [],
                "prefix_list_ids": [],
                "protocol": "tcp",
                "security_groups": [],
                "self": false,
                "to_port": 22
              }
            ],
            "name": "web_sg",
            "name_prefix": "",
            "owner_id": "985539769877",
            "revoke_rules_on_delete": false,
            "tags": null,
            "tags_all": {},
            "timeouts": null,
            "vpc_id": "vpc-0896f6dc4527c0308"
          },
          "sensitive_attributes": [],
          "private": "eyJlMmJmYjczMC1lY2FhLTExZTYtOGY4OC0zNDM2M2JjN2M0YzAiOnsiY3JlYXRlIjo2MDAwMDAwMDAwMDAsImRlbGV0ZSI6OTAwMDAwMDAwMDAwfSwic2NoZW1hX3ZlcnNpb24iOiIxIn0=",
          "dependencies": [
            "module.networking.aws_vpc.main"
          ]
        }
      ]
    },
    {
      "module": "module.networking",
      "mode": "managed",
      "type": "aws_internet_gateway",
      "name": "gw",
      "provider": "provider[\"registry.terraform.io/hashicorp/aws\"]",
      "instances": [
        {
          "schema_version": 0,
          "attributes": {
            "arn": "arn:aws:ec2:us-east-1:985539769877:internet-gateway/igw-080ee810dda7d5e9e",
            "id": "igw-080ee810dda7d5e9e",
            "owner_id": "985539769877",
            "tags": {
              "Name": "Internet-Gateway"
            },
            "tags_all": {
              "Name": "Internet-Gateway"
            },
            "timeouts": null,
            "vpc_id": "vpc-0896f6dc4527c0308"
          },
          "sensitive_attributes": [],
          "private": "eyJlMmJmYjczMC1lY2FhLTExZTYtOGY4OC0zNDM2M2JjN2M0YzAiOnsiY3JlYXRlIjoxMjAwMDAwMDAwMDAwLCJkZWxldGUiOjEyMDAwMDAwMDAwMDAsInVwZGF0ZSI6MTIwMDAwMDAwMDAwMH19",
          "dependencies": [
            "module.networking.aws_vpc.main"
          ]
        }
      ]
    },
    {
      "module": "module.networking",
      "mode": "managed",
      "type": "aws_route_table",
      "name": "public",
      "provider": "provider[\"registry.terraform.io/hashicorp/aws\"]",
      "instances": [
        {
          "schema_version": 0,
          "attributes": {
            "arn": "arn:aws:ec2:us-east-1:985539769877:route-table/rtb-0071eddb6de849834",
            "id": "rtb-0071eddb6de849834",
            "owner_id": "985539769877",
            "propagating_vgws": [],
            "route": [
              {
                "carrier_gateway_id": "",
                "cidr_block": "0.0.0.0/0",
                "core_network_arn": "",
                "destination_prefix_list_id": "",
                "egress_only_gateway_id": "",
                "gateway_id": "igw-080ee810dda7d5e9e",
                "ipv6_cidr_block": "",
                "local_gateway_id": "",
                "nat_gateway_id": "",
                "network_interface_id": "",
                "transit_gateway_id": "",
                "vpc_endpoint_id": "",
                "vpc_peering_connection_id": ""
              }
            ],
            "tags": {
              "Name": "Public-Route-Table"
            },
            "tags_all": {
              "Name": "Public-Route-Table"
            },
            "timeouts": null,
            "vpc_id": "vpc-0896f6dc4527c0308"
          },
          "sensitive_attributes": [],
          "private": "eyJlMmJmYjczMC1lY2FhLTExZTYtOGY4OC0zNDM2M2JjN2M0YzAiOnsiY3JlYXRlIjozMDAwMDAwMDAwMDAsImRlbGV0ZSI6MzAwMDAwMDAwMDAwLCJ1cGRhdGUiOjEyMDAwMDAwMDAwMH19",
          "dependencies": [
            "module.networking.aws_internet_gateway.gw",
            "module.networking.aws_vpc.main"
          ]
        }
      ]
    },
    {
      "module": "module.networking",
      "mode": "managed",
      "type": "aws_route_table_association",
      "name": "public_assoc",
      "provider": "provider[\"registry.terraform.io/hashicorp/aws\"]",
      "instances": [
        {
          "schema_version": 0,
          "attributes": {
            "gateway_id": "",
            "id": "rtbassoc-0183aa04dc2204262",
            "route_table_id": "rtb-0071eddb6de849834",
            "subnet_id": "subnet-08d7a6003da8e8ba7",
            "timeouts": null
          },
          "sensitive_attributes": [],
          "private": "eyJlMmJmYjczMC1lY2FhLTExZTYtOGY4OC0zNDM2M2JjN2M0YzAiOnsiY3JlYXRlIjozMDAwMDAwMDAwMDAsImRlbGV0ZSI6MzAwMDAwMDAwMDAwLCJ1cGRhdGUiOjEyMDAwMDAwMDAwMH19",
          "dependencies": [
            "module.networking.aws_internet_gateway.gw",
            "module.networking.aws_route_table.public",
            "module.networking.aws_subnet.public",
            "module.networking.aws_vpc.main"
          ]
        }
      ]
    },
    {
      "module": "module.networking",
      "mode": "managed",
      "type": "aws_subnet",
      "name": "private",
      "provider": "provider[\"registry.terraform.io/hashicorp/aws\"]",
      "instances": [
        {
          "schema_version": 1,
          "attributes": {
            "arn": "arn:aws:ec2:us-east-1:985539769877:subnet/subnet-04ae29c7264944696",
            "assign_ipv6_address_on_creation": false,
            "availability_zone": "us-east-1a",
            "availability_zone_id": "use1-az6",
            "cidr_block": "10.0.2.0/24",
            "customer_owned_ipv4_pool": "",
            "enable_dns64": false,
            "enable_lni_at_device_index": 0,
            "enable_resource_name_dns_a_record_on_launch": false,
            "enable_resource_name_dns_aaaa_record_on_launch": false,
            "id": "subnet-04ae29c7264944696",
            "ipv6_cidr_block": "",
            "ipv6_cidr_block_association_id": "",
            "ipv6_native": false,
            "map_customer_owned_ip_on_launch": false,
            "map_public_ip_on_launch": false,
            "outpost_arn": "",
            "owner_id": "985539769877",
            "private_dns_hostname_type_on_launch": "ip-name",
            "tags": {
              "Name": "Private-Subnet"
            },
            "tags_all": {
              "Name": "Private-Subnet"
            },
            "timeouts": null,
            "vpc_id": "vpc-0896f6dc4527c0308"
          },
          "sensitive_attributes": [],
          "private": "eyJlMmJmYjczMC1lY2FhLTExZTYtOGY4OC0zNDM2M2JjN2M0YzAiOnsiY3JlYXRlIjo2MDAwMDAwMDAwMDAsImRlbGV0ZSI6MTIwMDAwMDAwMDAwMH0sInNjaGVtYV92ZXJzaW9uIjoiMSJ9",
          "dependencies": [
            "module.networking.aws_vpc.main"
          ]
        }
      ]
    },
    {
      "module": "module.networking",
      "mode": "managed",
      "type": "aws_subnet",
      "name": "public",
      "provider": "provider[\"registry.terraform.io/hashicorp/aws\"]",
      "instances": [
        {
          "schema_version": 1,
          "attributes": {
            "arn": "arn:aws:ec2:us-east-1:985539769877:subnet/subnet-08d7a6003da8e8ba7",
            "assign_ipv6_address_on_creation": false,
            "availability_zone": "us-east-1a",
            "availability_zone_id": "use1-az6",
            "cidr_block": "10.0.1.0/24",
            "customer_owned_ipv4_pool": "",
            "enable_dns64": false,
            "enable_lni_at_device_index": 0,
            "enable_resource_name_dns_a_record_on_launch": false,
            "enable_resource_name_dns_aaaa_record_on_launch": false,
            "id": "subnet-08d7a6003da8e8ba7",
            "ipv6_cidr_block": "",
            "ipv6_cidr_block_association_id": "",
            "ipv6_native": false,
            "map_customer_owned_ip_on_launch": false,
            "map_public_ip_on_launch": true,
            "outpost_arn": "",
            "owner_id": "985539769877",
            "private_dns_hostname_type_on_launch": "ip-name",
            "tags": {
              "Name": "Public-Subnet"
            },
            "tags_all": {
              "Name": "Public-Subnet"
            },
            "timeouts": null,
            "vpc_id": "vpc-0896f6dc4527c0308"
          },
          "sensitive_attributes": [],
          "private": "eyJlMmJmYjczMC1lY2FhLTExZTYtOGY4OC0zNDM2M2JjN2M0YzAiOnsiY3JlYXRlIjo2MDAwMDAwMDAwMDAsImRlbGV0ZSI6MTIwMDAwMDAwMDAwMH0sInNjaGVtYV92ZXJzaW9uIjoiMSJ9",
          "dependencies": [
            "module.networking.aws_vpc.main"
          ]
        }
      ]
    },
    {
      "module": "module.networking",
      "mode": "managed",
      "type": "aws_vpc",
      "name": "main",
      "provider": "provider[\"registry.terraform.io/hashicorp/aws\"]",
      "instances": [
        {
          "schema_version": 1,
          "attributes": {
            "arn": "arn:aws:ec2:us-east-1:985539769877:vpc/vpc-0896f6dc4527c0308",
            "assign_generated_ipv6_cidr_block": false,
            "cidr_block": "10.0.0.0/16",
            "default_network_acl_id": "acl-0c3a55f7dc67e9401",
            "default_route_table_id": "rtb-0b60527ef9aa7a5e3",
            "default_security_group_id": "sg-012035786e9d1f928",
            "dhcp_options_id": "dopt-0d7b714f30a634a83",
            "enable_dns_hostnames": true,
            "enable_dns_support": true,
            "enable_network_address_usage_metrics": false,
            "id": "vpc-0896f6dc4527c0308",
            "instance_tenancy": "default",
            "ipv4_ipam_pool_id": null,
            "ipv4_netmask_length": null,
            "ipv6_association_id": "",
            "ipv6_cidr_block": "",
            "ipv6_cidr_block_network_border_group": "",
            "ipv6_ipam_pool_id": "",
            "ipv6_netmask_length": 0,
            "main_route_table_id": "rtb-0b60527ef9aa7a5e3",
            "owner_id": "985539769877",
            "tags": {
              "Name": "Custom-VPC"
            },
            "tags_all": {
              "Name": "Custom-VPC"
            }
          },
          "sensitive_attributes": [],
          "private": "eyJzY2hlbWFfdmVyc2lvbiI6IjEifQ=="
        }
      ]
    },
    {
      "module": "module.ssh_key",
      "mode": "managed",
      "type": "aws_key_pair",
      "name": "generated",
      "provider": "provider[\"registry.terraform.io/hashicorp/aws\"]",
      "instances": [
        {
          "schema_version": 1,
          "attributes": {
            "arn": "arn:aws:ec2:us-east-1:985539769877:key-pair/jenkins-generated-key",
            "fingerprint": "1b:54:fd:49:74:a5:61:5a:c1:56:83:df:75:f7:d3:6b",
            "id": "jenkins-generated-key",
            "key_name": "jenkins-generated-key",
            "key_name_prefix": "",
            "key_pair_id": "key-0233fb3fc4c88df10",
            "key_type": "rsa",
            "public_key": "ssh-rsa AAAAB3NzaC1yc2EAAAADAQABAAACAQCz9CLAqN9zuW+1cU+qUde9eDqeL8NqQRevlRGiNo7G0ATr9rUDULto+V1BC53tYHfKX3cGZxUpG1DxTyu/f6CvG4vn5SlvmRtPItPdCRSm69aKwvTLctN0TAoB9VVVke21fekt4cypZ5cZTiAvEGefl3I0r55rvHaokxVnF9G6DQk1scSeTgEr8MTeebZh0c0sYU8vPU71WBAjmPj+0DGMHtCpBvX2jGd+ueffADmDLAauK2QaqW4WwqNH9Aq1VD3JTPMbumISg1a2KxThOkseE74iAg8j2LfebjDu2vaFvxnGvjdgVnvHCSRb67Fy8FYyeSinMq6eVzwQJCH4pGf1zf+8huFzmktbjVSFAis1DPBBpDKwvTs3lYWFJ0fD6KBz5Tikb1WjsIR+jtOz+JxnnpS3+Ok0eNn1UA60F9MC/IOwwz0W4hpQSgGha0K3BwzHDT2g34jiTk5SAot2wlAoCrH28jIG12gudo6YCxdmNGboM0EKuwYQ4fuZYh2CLLHg53bMWM2lyz7YxtCUBVlyQzc1OvHFsg9UZJg0zTy90q8c2WzBj1/bzwjGp8w5USnHgYpBMQASr4jqBKj/IkEE5BIvAub42saxX2n4e2NhA8Drf4bQ5t+nB45XhaTe2xDTUyvtbniI0zV9JuhiPKviWE0rOlHPLdmO8YPFgENdlQ==",
            "tags": null,
            "tags_all": {}
          },
          "sensitive_attributes": [],
          "private": "eyJzY2hlbWFfdmVyc2lvbiI6IjEifQ==",
          "dependencies": [
            "module.ssh_key.tls_private_key.example"
          ]
        }
      ]
    },
    {
      "module": "module.ssh_key",
      "mode": "managed",
      "type": "local_file",
      "name": "private_key",
      "provider": "provider[\"registry.terraform.io/hashicorp/local\"]",
      "instances": [
        {
          "schema_version": 0,
          "attributes": {
            "content": "-----BEGIN RSA PRIVATE KEY-----\nMIIJKAIBAAKCAgEAs/QiwKjfc7lvtXFPqlHXvXg6ni/DakEXr5URojaOxtAE6/a1\nA1C7aPldQQud7WB3yl93BmcVKRtQ8U8rv3+grxuL5+Upb5kbTyLT3QkUpuvWisL0\ny3LTdEwKAfVVVZHttX3pLeHMqWeXGU4gLxBnn5dyNK+ea7x2qJMVZxfRug0JNbHE\nnk4BK/DE3nm2YdHNLGFPLz1O9VgQI5j4/tAxjB7QqQb19oxnfrnn3wA5gywGritk\nGqluFsKjR/QKtVQ9yUzzG7piEoNWtisU4TpLHhO+IgIPI9i33m4w7tr2hb8Zxr43\nYFZ7xwkkW+uxcvBWMnkopzKunlc8ECQh+KRn9c3/vIbhc5pLW41UhQIrNQzwQaQy\nsL07N5WFhSdHw+igc+U4pG9Vo7CEfo7Ts/icZ56Ut/jpNHjZ9VAOtBfTAvyDsMM9\nFuIaUEoBoWtCtwcMxw09oN+I4k5OUgKLdsJQKAqx9vIyBtdoLnaOmAsXZjRm6DNB\nCrsGEOH7mWIdgiyx4Od2zFjNpcs+2MbQlAVZckM3NTrxxbIPVGSYNM08vdKvHNls\nwY9f288IxqfMOVEpx4GKQTEAEq+I6gSo/yJBBOQSLwLm+NrGsV9p+HtjYQPA63+G\n0ObfpweOV4Wk3tsQ01Mr7W54iNM1fSboYjyr4lhNKzpRzy3ZjvGDxYBDXZUCAwEA\nAQKCAgAe0CQePJxMZrlxxlX3ij2IeByDZxbNLBmn6zzCe5iNguOA2vTKPUnl0uMM\npvZTBdRlLt0E1+RH7mE4/I83Yl1rdmpJmhPzA7KpJYPFAo/KeDH7fx/m8UGzVWzW\nQoGq3gqnq8hgXpxKeo4lG1tH68VujoJT8qlL9dCUk2DUDwBOnPpRex+5Yo5xTXAM\nTydzTvcUjRH/uv345SwYSFKEYTZGsaUVeDdoEMkM6jzBkrqGUyTOsGfa592NoKTQ\nRoGJ5IOS4y3ydsLhvCL+HNjdqvtfSk6haJxajTqIp/IRiCUzqBH8FaiKQqy9mzti\nUPSIw43i5RuYq4U6YCIM+n7lohMZunok9U+i6SMAw9rGbV8HYjCJyWcK6S3Pxg9h\nbF/5PmopL7YiHkjEwS8zjtGcxPx3s6oud7uhZFLukWayuBWBeV2Ae19+Mtdw83Vk\n4x5qANVZvPnxciIx+1gDUkFY1rOjSBhxY3bQ0PEnOwzKGXnhQdyX1GmRnJEE5Q55\nSy9Snz61bM8raeEipLKRH97Z4fULBnv1PyAXZOQW3E0XGRygxXHvnhSNvtOb2J00\nfVXDKeu/lM5EV8VhHitrmp4jzDaba7ac4BgsSmlibbCj962GoBLp6OYNaeAMP0uq\nQGYk3G9UHxg42C5OpccVgf8d8WHUcZNt3VQZf9dCp1jvN5oxWQKCAQEA062tbIwl\nukbkJHOM3apV8Y0g+b1jJarFN5mQDKQvQsMJv5x+DoFQw1g02mAc4jbdif7OEkio\nr4UnMWme2dTOrHUE/P9URrSZgmXUZyxgi9E9vrTsiZVcUzTxoT0OySIpeitBBWN7\n25G2UTkqfDSb9Y6FoHEV8My1LYC4z4K1UIne6utbnacssERSOQf5WJz4WtGn9oaB\nwbqJPo/XI4IxgcU9zVJXQ9hAk/MUsRHMVYPVlI3CM+MhZ4qEMOdtiZcTS0Oef2Rx\n/5ODVY5Im/6ZxHA2OddFe01f0d0c9eufocifF4cBMedoWI4mamCO3AiTKjNHR3JD\nN4RLicZsSERbWQKCAQEA2aH07Rfbw8QFvI4s0d7fKLYyBaaWuwzdBRRL73CEYRMw\nGkDW9oHMLvjRDZJbY8W7K645M0U0zs3+wTnU1FGbVS9e+NuZwMRrp1OFmZ5Z1Ee2\nCQlHhb8kd2r2fPly8IRbxcKz/PE2R4xwDdYFQep0nKqePYdh30WJE/jKWW7chPsa\nPemoc0b+BE22Av2nx4ah8Zc0VFoNeq+PYxqRLmLLpJG4lZ7sAAub4yVR0XJAafep\nGxyUNCwnzvn4tmVpmO2pHPpf4idOemO/Dtu5LEpKmH7Xe/4X8AMhaB9BBwOscyjb\nn7vChRL1av459j/6YEW8KL+sNgj5Gx5Y4wM0ph8YnQKCAQEApDfaEhsL7d6vgaPv\nRcyuzi2ZxoXp1EAOrlrBCT2auKWM+40RsnkaSeI1ZrEn10uPRU5bWo3p5/lZ9Zim\nNwJEsEA8dXY0UIItkZ8kUEJ6SB41U60S0I4CST8KsfcncFzDZtcFo4ORhD8f/RVn\nY2KBF9jQzC7PQbfeWwXA2qPhvDCpswCSW9Vk8v6d90a7Z8anWfXK45NoOP5ZGSMI\nWbDYbX+yuYZG0wiC2QS9Kb3QEwuq94uefRiZQrWQZkw0i4ib3EkCPnyTgB5VxlsS\n84pqip4vQ2JBsi3Nx4dNv29jsWRuIBeJksifCAyHuwFb81HnsdaEVuZLRVeqLqG0\nQcBeSQKCAQBFaRgavi9DQrOprZax4Ok/rMxLbRRJ2BJt2klVtociBuKinOdye3dJ\ny+Ww9GrdaWUGy2xG492xz5VevzkX9mcaRh9+M1vYVU0YctT7Z7uyrqRqQWFkUNAq\nnhy7QzvbZft3GWAaXjw3mZzrbMUEfuhuRyRs707RzPWpPwIaf/cpGoUGFg25pnzB\nlp9kWM44HsJrsRPpi0cdR/ztWL3RE4VrmWZLogIXCZzQV0i/CjdtFKYElZrXAPY5\nVxRx5+pD8hiru1b1ZB/tfP6kmIN4ksEz3dCQJTwxOm5fLQiqWguYNwHE8jdaBe/s\nDeUimskaB2O5g1hDa503fvhOfuk9ylEpAoIBAGUfNuw4hVcOh3A0s9nh0d2oh2MS\nxtjFuH4x3nYq2nGNjNsJg7GV6WIK2BswM/cwlF61Nmx5zcrs3JiiK1C0qJMsJ9hG\nvew5TURpTj3pkUKXfjgo5r5vktf8x8hVHOuxLJaL1bT7TNiM91awDypVaZsGtAh5\n3hqHKnIHJAY6mB5TPdm14gB1KMLye6c1NRecb2xhvKvBE7Au4+p8BTUl3b8wNaF0\ntlO/CO5CBXpwSAOHQf+ACA+/kdk5A6jqtYaUXSAMlzTUDTS6t8Z2k09x5nlwlP/N\nnrob5uEPUo/isauA40OexYvDqVD4FTJtu0mr5xcA5qKkBcXfdtmFJOMWniY=\n-----END RSA PRIVATE KEY-----\n",
            "content_base64": null,
            "content_base64sha256": "NvD/en/nh8nizbWbn0CukTEW8NXkEQ5d4d0n1pFJWso=",
            "content_base64sha512": "zN8MrfJVEebvciaBaDygw9DyafZ4e5aUHIN9yN9IY+SR7/4/WiQ9wUqhxBcucILiyck5a6RuxidTRLwPfswODg==",
            "content_md5": "a58df0b6687e73cae8c24fc78ee41307",
            "content_sha1": "19950088eb88fe7b0799b463de7b2f3aabdbf92a",
            "content_sha256": "36f0ff7a7fe787c9e2cdb59b9f40ae913116f0d5e4110e5de1dd27d691495aca",
            "content_sha512": "ccdf0cadf25511e6ef722681683ca0c3d0f269f6787b96941c837dc8df4863e491effe3f5a243dc14aa1c4172e7082e2c9c9396ba46ec6275344bc0f7ecc0e0e",
            "directory_permission": "0777",
            "file_permission": "0400",
            "filename": "modules/ssh_key/jenkins-key.pem",
            "id": "19950088eb88fe7b0799b463de7b2f3aabdbf92a",
            "sensitive_content": null,
            "source": null
          },
          "sensitive_attributes": [
            [
              {
                "type": "get_attr",
                "value": "sensitive_content"
              }
            ],
            [
              {
                "type": "get_attr",
                "value": "content"
              }
            ]
          ],
          "dependencies": [
            "module.ssh_key.tls_private_key.example"
          ]
        }
      ]
    },
    {
      "module": "module.ssh_key",
      "mode": "managed",
      "type": "tls_private_key",
      "name": "example",
      "provider": "provider[\"registry.terraform.io/hashicorp/tls\"]",
      "instances": [
        {
          "schema_version": 1,
          "attributes": {
            "algorithm": "RSA",
            "ecdsa_curve": "P224",
            "id": "11d14f62642a35d5ff9721bee15a6fd170ad1d5c",
            "private_key_openssh": "-----BEGIN OPENSSH PRIVATE KEY-----\nb3BlbnNzaC1rZXktdjEAAAAABG5vbmUAAAAEbm9uZQAAAAAAAAABAAACFwAAAAdz\nc2gtcnNhAAAAAwEAAQAAAgEAs/QiwKjfc7lvtXFPqlHXvXg6ni/DakEXr5URojaO\nxtAE6/a1A1C7aPldQQud7WB3yl93BmcVKRtQ8U8rv3+grxuL5+Upb5kbTyLT3QkU\npuvWisL0y3LTdEwKAfVVVZHttX3pLeHMqWeXGU4gLxBnn5dyNK+ea7x2qJMVZxfR\nug0JNbHEnk4BK/DE3nm2YdHNLGFPLz1O9VgQI5j4/tAxjB7QqQb19oxnfrnn3wA5\ngywGritkGqluFsKjR/QKtVQ9yUzzG7piEoNWtisU4TpLHhO+IgIPI9i33m4w7tr2\nhb8Zxr43YFZ7xwkkW+uxcvBWMnkopzKunlc8ECQh+KRn9c3/vIbhc5pLW41UhQIr\nNQzwQaQysL07N5WFhSdHw+igc+U4pG9Vo7CEfo7Ts/icZ56Ut/jpNHjZ9VAOtBfT\nAvyDsMM9FuIaUEoBoWtCtwcMxw09oN+I4k5OUgKLdsJQKAqx9vIyBtdoLnaOmAsX\nZjRm6DNBCrsGEOH7mWIdgiyx4Od2zFjNpcs+2MbQlAVZckM3NTrxxbIPVGSYNM08\nvdKvHNlswY9f288IxqfMOVEpx4GKQTEAEq+I6gSo/yJBBOQSLwLm+NrGsV9p+Htj\nYQPA63+G0ObfpweOV4Wk3tsQ01Mr7W54iNM1fSboYjyr4lhNKzpRzy3ZjvGDxYBD\nXZUAAAc4rGtdbKxrXWwAAAAHc3NoLXJzYQAAAgEAs/QiwKjfc7lvtXFPqlHXvXg6\nni/DakEXr5URojaOxtAE6/a1A1C7aPldQQud7WB3yl93BmcVKRtQ8U8rv3+grxuL\n5+Upb5kbTyLT3QkUpuvWisL0y3LTdEwKAfVVVZHttX3pLeHMqWeXGU4gLxBnn5dy\nNK+ea7x2qJMVZxfRug0JNbHEnk4BK/DE3nm2YdHNLGFPLz1O9VgQI5j4/tAxjB7Q\nqQb19oxnfrnn3wA5gywGritkGqluFsKjR/QKtVQ9yUzzG7piEoNWtisU4TpLHhO+\nIgIPI9i33m4w7tr2hb8Zxr43YFZ7xwkkW+uxcvBWMnkopzKunlc8ECQh+KRn9c3/\nvIbhc5pLW41UhQIrNQzwQaQysL07N5WFhSdHw+igc+U4pG9Vo7CEfo7Ts/icZ56U\nt/jpNHjZ9VAOtBfTAvyDsMM9FuIaUEoBoWtCtwcMxw09oN+I4k5OUgKLdsJQKAqx\n9vIyBtdoLnaOmAsXZjRm6DNBCrsGEOH7mWIdgiyx4Od2zFjNpcs+2MbQlAVZckM3\nNTrxxbIPVGSYNM08vdKvHNlswY9f288IxqfMOVEpx4GKQTEAEq+I6gSo/yJBBOQS\nLwLm+NrGsV9p+HtjYQPA63+G0ObfpweOV4Wk3tsQ01Mr7W54iNM1fSboYjyr4lhN\nKzpRzy3ZjvGDxYBDXZUAAAADAQABAAACAB7QJB48nExmuXHGVfeKPYh4HINnFs0s\nGafrPMJ7mI2C44Da9Mo9SeXS4wym9lMF1GUu3QTX5EfuYTj8jzdiXWt2akmaE/MD\nsqklg8UCj8p4Mft/H+bxQbNVbNZCgareCqeryGBenEp6jiUbW0frxW6OglPyqUv1\n0JSTYNQPAE6c+lF7H7lijnFNcAxPJ3NO9xSNEf+6/fjlLBhIUoRhNkaxpRV4N2gQ\nyQzqPMGSuoZTJM6wZ9rn3Y2gpNBGgYnkg5LjLfJ2wuG8Iv4c2N2q+19KTqFonFqN\nOoin8hGIJTOoEfwVqIpCrL2bO2JQ9IjDjeLlG5irhTpgIgz6fuWiExm6eiT1T6Lp\nIwDD2sZtXwdiMInJZwrpLc/GD2FsX/k+aikvtiIeSMTBLzOO0ZzE/Hezqi53u6Fk\nUu6RZrK4FYF5XYB7X34y13DzdWTjHmoA1Vm8+fFyIjH7WANSQVjWs6NIGHFjdtDQ\n8Sc7DMoZeeFB3JfUaZGckQTlDnlLL1KfPrVszytp4SKkspEf3tnh9QsGe/U/IBdk\n5BbcTRcZHKDFce+eFI2+05vYnTR9VcMp67+UzkRXxWEeK2uaniPMNptrtpzgGCxK\naWJtsKP3rYagEuno5g1p4Aw/S6pAZiTcb1QfGDjYLk6lxxWB/x3xYdRxk23dVBl/\n10KnWO83mjFZAAABAGUfNuw4hVcOh3A0s9nh0d2oh2MSxtjFuH4x3nYq2nGNjNsJ\ng7GV6WIK2BswM/cwlF61Nmx5zcrs3JiiK1C0qJMsJ9hGvew5TURpTj3pkUKXfjgo\n5r5vktf8x8hVHOuxLJaL1bT7TNiM91awDypVaZsGtAh53hqHKnIHJAY6mB5TPdm1\n4gB1KMLye6c1NRecb2xhvKvBE7Au4+p8BTUl3b8wNaF0tlO/CO5CBXpwSAOHQf+A\nCA+/kdk5A6jqtYaUXSAMlzTUDTS6t8Z2k09x5nlwlP/Nnrob5uEPUo/isauA40Oe\nxYvDqVD4FTJtu0mr5xcA5qKkBcXfdtmFJOMWniYAAAEBANOtrWyMJbpG5CRzjN2q\nVfGNIPm9YyWqxTeZkAykL0LDCb+cfg6BUMNYNNpgHOI23Yn+zhJIqK+FJzFpntnU\nzqx1BPz/VEa0mYJl1GcsYIvRPb607ImVXFM08aE9DskiKXorQQVje9uRtlE5Knw0\nm/WOhaBxFfDMtS2AuM+CtVCJ3urrW52nLLBEUjkH+Vic+FrRp/aGgcG6iT6P1yOC\nMYHFPc1SV0PYQJPzFLERzFWD1ZSNwjPjIWeKhDDnbYmXE0tDnn9kcf+Tg1WOSJv+\nmcRwNjnXRXtNX9HdHPXrn6HInxeHATHnaFiOJmpgjtwIkyozR0dyQzeES4nGbEhE\nW1kAAAEBANmh9O0X28PEBbyOLNHe3yi2MgWmlrsM3QUUS+9whGETMBpA1vaBzC74\n0Q2SW2PFuyuuOTNFNM7N/sE51NRRm1UvXvjbmcDEa6dThZmeWdRHtgkJR4W/JHdq\n9nz5cvCEW8XCs/zxNkeMcA3WBUHqdJyqnj2HYd9FiRP4yllu3IT7Gj3pqHNG/gRN\ntgL9p8eGofGXNFRaDXqvj2MakS5iy6SRuJWe7AALm+MlUdFyQGn3qRsclDQsJ875\n+LZlaZjtqRz6X+InTnpjvw7buSxKSph+13v+F/ADIWgfQQcDrHMo25+7woUS9Wr+\nOfY/+mBFvCi/rDYI+RseWOMDNKYfGJ0AAAAAAQID\n-----END OPENSSH PRIVATE KEY-----\n",
            "private_key_pem": "-----BEGIN RSA PRIVATE KEY-----\nMIIJKAIBAAKCAgEAs/QiwKjfc7lvtXFPqlHXvXg6ni/DakEXr5URojaOxtAE6/a1\nA1C7aPldQQud7WB3yl93BmcVKRtQ8U8rv3+grxuL5+Upb5kbTyLT3QkUpuvWisL0\ny3LTdEwKAfVVVZHttX3pLeHMqWeXGU4gLxBnn5dyNK+ea7x2qJMVZxfRug0JNbHE\nnk4BK/DE3nm2YdHNLGFPLz1O9VgQI5j4/tAxjB7QqQb19oxnfrnn3wA5gywGritk\nGqluFsKjR/QKtVQ9yUzzG7piEoNWtisU4TpLHhO+IgIPI9i33m4w7tr2hb8Zxr43\nYFZ7xwkkW+uxcvBWMnkopzKunlc8ECQh+KRn9c3/vIbhc5pLW41UhQIrNQzwQaQy\nsL07N5WFhSdHw+igc+U4pG9Vo7CEfo7Ts/icZ56Ut/jpNHjZ9VAOtBfTAvyDsMM9\nFuIaUEoBoWtCtwcMxw09oN+I4k5OUgKLdsJQKAqx9vIyBtdoLnaOmAsXZjRm6DNB\nCrsGEOH7mWIdgiyx4Od2zFjNpcs+2MbQlAVZckM3NTrxxbIPVGSYNM08vdKvHNls\nwY9f288IxqfMOVEpx4GKQTEAEq+I6gSo/yJBBOQSLwLm+NrGsV9p+HtjYQPA63+G\n0ObfpweOV4Wk3tsQ01Mr7W54iNM1fSboYjyr4lhNKzpRzy3ZjvGDxYBDXZUCAwEA\nAQKCAgAe0CQePJxMZrlxxlX3ij2IeByDZxbNLBmn6zzCe5iNguOA2vTKPUnl0uMM\npvZTBdRlLt0E1+RH7mE4/I83Yl1rdmpJmhPzA7KpJYPFAo/KeDH7fx/m8UGzVWzW\nQoGq3gqnq8hgXpxKeo4lG1tH68VujoJT8qlL9dCUk2DUDwBOnPpRex+5Yo5xTXAM\nTydzTvcUjRH/uv345SwYSFKEYTZGsaUVeDdoEMkM6jzBkrqGUyTOsGfa592NoKTQ\nRoGJ5IOS4y3ydsLhvCL+HNjdqvtfSk6haJxajTqIp/IRiCUzqBH8FaiKQqy9mzti\nUPSIw43i5RuYq4U6YCIM+n7lohMZunok9U+i6SMAw9rGbV8HYjCJyWcK6S3Pxg9h\nbF/5PmopL7YiHkjEwS8zjtGcxPx3s6oud7uhZFLukWayuBWBeV2Ae19+Mtdw83Vk\n4x5qANVZvPnxciIx+1gDUkFY1rOjSBhxY3bQ0PEnOwzKGXnhQdyX1GmRnJEE5Q55\nSy9Snz61bM8raeEipLKRH97Z4fULBnv1PyAXZOQW3E0XGRygxXHvnhSNvtOb2J00\nfVXDKeu/lM5EV8VhHitrmp4jzDaba7ac4BgsSmlibbCj962GoBLp6OYNaeAMP0uq\nQGYk3G9UHxg42C5OpccVgf8d8WHUcZNt3VQZf9dCp1jvN5oxWQKCAQEA062tbIwl\nukbkJHOM3apV8Y0g+b1jJarFN5mQDKQvQsMJv5x+DoFQw1g02mAc4jbdif7OEkio\nr4UnMWme2dTOrHUE/P9URrSZgmXUZyxgi9E9vrTsiZVcUzTxoT0OySIpeitBBWN7\n25G2UTkqfDSb9Y6FoHEV8My1LYC4z4K1UIne6utbnacssERSOQf5WJz4WtGn9oaB\nwbqJPo/XI4IxgcU9zVJXQ9hAk/MUsRHMVYPVlI3CM+MhZ4qEMOdtiZcTS0Oef2Rx\n/5ODVY5Im/6ZxHA2OddFe01f0d0c9eufocifF4cBMedoWI4mamCO3AiTKjNHR3JD\nN4RLicZsSERbWQKCAQEA2aH07Rfbw8QFvI4s0d7fKLYyBaaWuwzdBRRL73CEYRMw\nGkDW9oHMLvjRDZJbY8W7K645M0U0zs3+wTnU1FGbVS9e+NuZwMRrp1OFmZ5Z1Ee2\nCQlHhb8kd2r2fPly8IRbxcKz/PE2R4xwDdYFQep0nKqePYdh30WJE/jKWW7chPsa\nPemoc0b+BE22Av2nx4ah8Zc0VFoNeq+PYxqRLmLLpJG4lZ7sAAub4yVR0XJAafep\nGxyUNCwnzvn4tmVpmO2pHPpf4idOemO/Dtu5LEpKmH7Xe/4X8AMhaB9BBwOscyjb\nn7vChRL1av459j/6YEW8KL+sNgj5Gx5Y4wM0ph8YnQKCAQEApDfaEhsL7d6vgaPv\nRcyuzi2ZxoXp1EAOrlrBCT2auKWM+40RsnkaSeI1ZrEn10uPRU5bWo3p5/lZ9Zim\nNwJEsEA8dXY0UIItkZ8kUEJ6SB41U60S0I4CST8KsfcncFzDZtcFo4ORhD8f/RVn\nY2KBF9jQzC7PQbfeWwXA2qPhvDCpswCSW9Vk8v6d90a7Z8anWfXK45NoOP5ZGSMI\nWbDYbX+yuYZG0wiC2QS9Kb3QEwuq94uefRiZQrWQZkw0i4ib3EkCPnyTgB5VxlsS\n84pqip4vQ2JBsi3Nx4dNv29jsWRuIBeJksifCAyHuwFb81HnsdaEVuZLRVeqLqG0\nQcBeSQKCAQBFaRgavi9DQrOprZax4Ok/rMxLbRRJ2BJt2klVtociBuKinOdye3dJ\ny+Ww9GrdaWUGy2xG492xz5VevzkX9mcaRh9+M1vYVU0YctT7Z7uyrqRqQWFkUNAq\nnhy7QzvbZft3GWAaXjw3mZzrbMUEfuhuRyRs707RzPWpPwIaf/cpGoUGFg25pnzB\nlp9kWM44HsJrsRPpi0cdR/ztWL3RE4VrmWZLogIXCZzQV0i/CjdtFKYElZrXAPY5\nVxRx5+pD8hiru1b1ZB/tfP6kmIN4ksEz3dCQJTwxOm5fLQiqWguYNwHE8jdaBe/s\nDeUimskaB2O5g1hDa503fvhOfuk9ylEpAoIBAGUfNuw4hVcOh3A0s9nh0d2oh2MS\nxtjFuH4x3nYq2nGNjNsJg7GV6WIK2BswM/cwlF61Nmx5zcrs3JiiK1C0qJMsJ9hG\nvew5TURpTj3pkUKXfjgo5r5vktf8x8hVHOuxLJaL1bT7TNiM91awDypVaZsGtAh5\n3hqHKnIHJAY6mB5TPdm14gB1KMLye6c1NRecb2xhvKvBE7Au4+p8BTUl3b8wNaF0\ntlO/CO5CBXpwSAOHQf+ACA+/kdk5A6jqtYaUXSAMlzTUDTS6t8Z2k09x5nlwlP/N\nnrob5uEPUo/isauA40OexYvDqVD4FTJtu0mr5xcA5qKkBcXfdtmFJOMWniY=\n-----END RSA PRIVATE KEY-----\n",
            "private_key_pem_pkcs8": "-----BEGIN PRIVATE KEY-----\nMIIJQgIBADANBgkqhkiG9w0BAQEFAASCCSwwggkoAgEAAoICAQCz9CLAqN9zuW+1\ncU+qUde9eDqeL8NqQRevlRGiNo7G0ATr9rUDULto+V1BC53tYHfKX3cGZxUpG1Dx\nTyu/f6CvG4vn5SlvmRtPItPdCRSm69aKwvTLctN0TAoB9VVVke21fekt4cypZ5cZ\nTiAvEGefl3I0r55rvHaokxVnF9G6DQk1scSeTgEr8MTeebZh0c0sYU8vPU71WBAj\nmPj+0DGMHtCpBvX2jGd+ueffADmDLAauK2QaqW4WwqNH9Aq1VD3JTPMbumISg1a2\nKxThOkseE74iAg8j2LfebjDu2vaFvxnGvjdgVnvHCSRb67Fy8FYyeSinMq6eVzwQ\nJCH4pGf1zf+8huFzmktbjVSFAis1DPBBpDKwvTs3lYWFJ0fD6KBz5Tikb1WjsIR+\njtOz+JxnnpS3+Ok0eNn1UA60F9MC/IOwwz0W4hpQSgGha0K3BwzHDT2g34jiTk5S\nAot2wlAoCrH28jIG12gudo6YCxdmNGboM0EKuwYQ4fuZYh2CLLHg53bMWM2lyz7Y\nxtCUBVlyQzc1OvHFsg9UZJg0zTy90q8c2WzBj1/bzwjGp8w5USnHgYpBMQASr4jq\nBKj/IkEE5BIvAub42saxX2n4e2NhA8Drf4bQ5t+nB45XhaTe2xDTUyvtbniI0zV9\nJuhiPKviWE0rOlHPLdmO8YPFgENdlQIDAQABAoICAB7QJB48nExmuXHGVfeKPYh4\nHINnFs0sGafrPMJ7mI2C44Da9Mo9SeXS4wym9lMF1GUu3QTX5EfuYTj8jzdiXWt2\nakmaE/MDsqklg8UCj8p4Mft/H+bxQbNVbNZCgareCqeryGBenEp6jiUbW0frxW6O\nglPyqUv10JSTYNQPAE6c+lF7H7lijnFNcAxPJ3NO9xSNEf+6/fjlLBhIUoRhNkax\npRV4N2gQyQzqPMGSuoZTJM6wZ9rn3Y2gpNBGgYnkg5LjLfJ2wuG8Iv4c2N2q+19K\nTqFonFqNOoin8hGIJTOoEfwVqIpCrL2bO2JQ9IjDjeLlG5irhTpgIgz6fuWiExm6\neiT1T6LpIwDD2sZtXwdiMInJZwrpLc/GD2FsX/k+aikvtiIeSMTBLzOO0ZzE/Hez\nqi53u6FkUu6RZrK4FYF5XYB7X34y13DzdWTjHmoA1Vm8+fFyIjH7WANSQVjWs6NI\nGHFjdtDQ8Sc7DMoZeeFB3JfUaZGckQTlDnlLL1KfPrVszytp4SKkspEf3tnh9QsG\ne/U/IBdk5BbcTRcZHKDFce+eFI2+05vYnTR9VcMp67+UzkRXxWEeK2uaniPMNptr\ntpzgGCxKaWJtsKP3rYagEuno5g1p4Aw/S6pAZiTcb1QfGDjYLk6lxxWB/x3xYdRx\nk23dVBl/10KnWO83mjFZAoIBAQDTra1sjCW6RuQkc4zdqlXxjSD5vWMlqsU3mZAM\npC9Cwwm/nH4OgVDDWDTaYBziNt2J/s4SSKivhScxaZ7Z1M6sdQT8/1RGtJmCZdRn\nLGCL0T2+tOyJlVxTNPGhPQ7JIil6K0EFY3vbkbZROSp8NJv1joWgcRXwzLUtgLjP\ngrVQid7q61udpyywRFI5B/lYnPha0af2hoHBuok+j9cjgjGBxT3NUldD2ECT8xSx\nEcxVg9WUjcIz4yFnioQw522JlxNLQ55/ZHH/k4NVjkib/pnEcDY510V7TV/R3Rz1\n65+hyJ8XhwEx52hYjiZqYI7cCJMqM0dHckM3hEuJxmxIRFtZAoIBAQDZofTtF9vD\nxAW8jizR3t8otjIFppa7DN0FFEvvcIRhEzAaQNb2gcwu+NENkltjxbsrrjkzRTTO\nzf7BOdTUUZtVL17425nAxGunU4WZnlnUR7YJCUeFvyR3avZ8+XLwhFvFwrP88TZH\njHAN1gVB6nScqp49h2HfRYkT+MpZbtyE+xo96ahzRv4ETbYC/afHhqHxlzRUWg16\nr49jGpEuYsukkbiVnuwAC5vjJVHRckBp96kbHJQ0LCfO+fi2ZWmY7akc+l/iJ056\nY78O27ksSkqYftd7/hfwAyFoH0EHA6xzKNufu8KFEvVq/jn2P/pgRbwov6w2CPkb\nHljjAzSmHxidAoIBAQCkN9oSGwvt3q+Bo+9FzK7OLZnGhenUQA6uWsEJPZq4pYz7\njRGyeRpJ4jVmsSfXS49FTltajenn+Vn1mKY3AkSwQDx1djRQgi2RnyRQQnpIHjVT\nrRLQjgJJPwqx9ydwXMNm1wWjg5GEPx/9FWdjYoEX2NDMLs9Bt95bBcDao+G8MKmz\nAJJb1WTy/p33RrtnxqdZ9crjk2g4/lkZIwhZsNhtf7K5hkbTCILZBL0pvdATC6r3\ni559GJlCtZBmTDSLiJvcSQI+fJOAHlXGWxLzimqKni9DYkGyLc3Hh02/b2OxZG4g\nF4mSyJ8IDIe7AVvzUeex1oRW5ktFV6ouobRBwF5JAoIBAEVpGBq+L0NCs6mtlrHg\n6T+szEttFEnYEm3aSVW2hyIG4qKc53J7d0nL5bD0at1pZQbLbEbj3bHPlV6/ORf2\nZxpGH34zW9hVTRhy1Ptnu7KupGpBYWRQ0CqeHLtDO9tl+3cZYBpePDeZnOtsxQR+\n6G5HJGzvTtHM9ak/Ahp/9ykahQYWDbmmfMGWn2RYzjgewmuxE+mLRx1H/O1YvdET\nhWuZZkuiAhcJnNBXSL8KN20UpgSVmtcA9jlXFHHn6kPyGKu7VvVkH+18/qSYg3iS\nwTPd0JAlPDE6bl8tCKpaC5g3AcTyN1oF7+wN5SKayRoHY7mDWENrnTd++E5+6T3K\nUSkCggEAZR827DiFVw6HcDSz2eHR3aiHYxLG2MW4fjHediracY2M2wmDsZXpYgrY\nGzAz9zCUXrU2bHnNyuzcmKIrULSokywn2Ea97DlNRGlOPemRQpd+OCjmvm+S1/zH\nyFUc67EslovVtPtM2Iz3VrAPKlVpmwa0CHneGocqcgckBjqYHlM92bXiAHUowvJ7\npzU1F5xvbGG8q8ETsC7j6nwFNSXdvzA1oXS2U78I7kIFenBIA4dB/4AID7+R2TkD\nqOq1hpRdIAyXNNQNNLq3xnaTT3HmeXCU/82euhvm4Q9Sj+Kxq4DjQ57Fi8OpUPgV\nMm27SavnFwDmoqQFxd922YUk4xaeJg==\n-----END PRIVATE KEY-----\n",
            "public_key_fingerprint_md5": "4d:81:ca:1f:45:34:89:46:5a:44:36:ca:00:cb:f9:8e",
            "public_key_fingerprint_sha256": "SHA256:YNMpYnaMHgvWjZNq/GD5zoGXSlijYwMruL9Q2EwR9ps",
            "public_key_openssh": "ssh-rsa AAAAB3NzaC1yc2EAAAADAQABAAACAQCz9CLAqN9zuW+1cU+qUde9eDqeL8NqQRevlRGiNo7G0ATr9rUDULto+V1BC53tYHfKX3cGZxUpG1DxTyu/f6CvG4vn5SlvmRtPItPdCRSm69aKwvTLctN0TAoB9VVVke21fekt4cypZ5cZTiAvEGefl3I0r55rvHaokxVnF9G6DQk1scSeTgEr8MTeebZh0c0sYU8vPU71WBAjmPj+0DGMHtCpBvX2jGd+ueffADmDLAauK2QaqW4WwqNH9Aq1VD3JTPMbumISg1a2KxThOkseE74iAg8j2LfebjDu2vaFvxnGvjdgVnvHCSRb67Fy8FYyeSinMq6eVzwQJCH4pGf1zf+8huFzmktbjVSFAis1DPBBpDKwvTs3lYWFJ0fD6KBz5Tikb1WjsIR+jtOz+JxnnpS3+Ok0eNn1UA60F9MC/IOwwz0W4hpQSgGha0K3BwzHDT2g34jiTk5SAot2wlAoCrH28jIG12gudo6YCxdmNGboM0EKuwYQ4fuZYh2CLLHg53bMWM2lyz7YxtCUBVlyQzc1OvHFsg9UZJg0zTy90q8c2WzBj1/bzwjGp8w5USnHgYpBMQASr4jqBKj/IkEE5BIvAub42saxX2n4e2NhA8Drf4bQ5t+nB45XhaTe2xDTUyvtbniI0zV9JuhiPKviWE0rOlHPLdmO8YPFgENdlQ==\n",
            "public_key_pem": "-----BEGIN PUBLIC KEY-----\nMIICIjANBgkqhkiG9w0BAQEFAAOCAg8AMIICCgKCAgEAs/QiwKjfc7lvtXFPqlHX\nvXg6ni/DakEXr5URojaOxtAE6/a1A1C7aPldQQud7WB3yl93BmcVKRtQ8U8rv3+g\nrxuL5+Upb5kbTyLT3QkUpuvWisL0y3LTdEwKAfVVVZHttX3pLeHMqWeXGU4gLxBn\nn5dyNK+ea7x2qJMVZxfRug0JNbHEnk4BK/DE3nm2YdHNLGFPLz1O9VgQI5j4/tAx\njB7QqQb19oxnfrnn3wA5gywGritkGqluFsKjR/QKtVQ9yUzzG7piEoNWtisU4TpL\nHhO+IgIPI9i33m4w7tr2hb8Zxr43YFZ7xwkkW+uxcvBWMnkopzKunlc8ECQh+KRn\n9c3/vIbhc5pLW41UhQIrNQzwQaQysL07N5WFhSdHw+igc+U4pG9Vo7CEfo7Ts/ic\nZ56Ut/jpNHjZ9VAOtBfTAvyDsMM9FuIaUEoBoWtCtwcMxw09oN+I4k5OUgKLdsJQ\nKAqx9vIyBtdoLnaOmAsXZjRm6DNBCrsGEOH7mWIdgiyx4Od2zFjNpcs+2MbQlAVZ\nckM3NTrxxbIPVGSYNM08vdKvHNlswY9f288IxqfMOVEpx4GKQTEAEq+I6gSo/yJB\nBOQSLwLm+NrGsV9p+HtjYQPA63+G0ObfpweOV4Wk3tsQ01Mr7W54iNM1fSboYjyr\n4lhNKzpRzy3ZjvGDxYBDXZUCAwEAAQ==\n-----END PUBLIC KEY-----\n",
            "rsa_bits": 4096
          },
          "sensitive_attributes": [
            [
              {
                "type": "get_attr",
                "value": "private_key_pem"
              }
            ],
            [
              {
                "type": "get_attr",
                "value": "private_key_pem_pkcs8"
              }
            ],
            [
              {
                "type": "get_attr",
                "value": "private_key_openssh"
              }
            ]
          ]
        }
      ]
    }
  ],
  "check_results": null
}
